
Microsoft Visual Studio Solution File, Format Version 9.00
# Visual Studio 2005
Project("{FAE04EC0-301F-11D3-BF4B-00C04F79EFBC}") = "EchoServer", "EchoServer\EchoServer.csproj", "{CBEEFE77-4348-455A-BB10-2A265CB07020}"
EndProject
Project("{FAE04EC0-301F-11D3-BF4B-00C04F79EFBC}") = "EchoServer2", "EchoServer2\EchoServer2.csproj", "{48F0ACDD-1850-48F2-8F8F-0ED3194ADD9F}"
EndProject
Project("{FAE04EC0-301F-11D3-BF4B-00C04F79EFBC}") = "BalanceServer", "BalanceServer\BalanceServer.csproj", "{93F442B1-CE85-4652-86EC-7574C9AA3E37}"
EndProject
Project("{FAE04EC0-301F-11D3-BF4B-00C04F79EFBC}") = "BackEndServer", "BackEndServer\BackEndServer.csproj", "{1F1B1C9F-821B-4A83-9EC5-48426BD1C198}"
EndProject
Project("{8BC9CEB8-8B4A-11D0-8D11-00A0C91BC942}") = "EchoServer_Cxx", "EchoServer_Cxx\EchoServer_Cxx.vcproj", "{34EF8523-5D3F-447B-86C5-A7090F1896EC}"
EndProject
Global
	GlobalSection(SolutionConfigurationPlatforms) = preSolution
		Debug|Any CPU = Debug|Any CPU
		Debug|Mixed Platforms = Debug|Mixed Platforms
		Debug|Win32 = Debug|Win32
		Release|Any CPU = Release|Any CPU
		Release|Mixed Platforms = Release|Mixed Platforms
		Release|Win32 = Release|Win32
	EndGlobalSection
	GlobalSection(ProjectConfigurationPlatforms) = postSolution
		{CBEEFE77-4348-455A-BB10-2A265CB07020}.Debug|Any CPU.ActiveCfg = Debug|Any CPU
		{CBEEFE77-4348-455A-BB10-2A265CB07020}.Debug|Any CPU.Build.0 = Debug|Any CPU
		{CBEEFE77-4348-455A-BB10-2A265CB07020}.Debug|Mixed Platforms.ActiveCfg = Debug|Any CPU
		{CBEEFE77-4348-455A-BB10-2A265CB07020}.Debug|Mixed Platforms.Build.0 = Debug|Any CPU
		{CBEEFE77-4348-455A-BB10-2A265CB07020}.Debug|Win32.ActiveCfg = Debug|Any CPU
		{CBEEFE77-4348-455A-BB10-2A265CB07020}.Release|Any CPU.ActiveCfg = Release|Any CPU
		{CBEEFE77-4348-455A-BB10-2A265CB07020}.Release|Any CPU.Build.0 = Release|Any CPU
		{CBEEFE77-4348-455A-BB10-2A265CB07020}.Release|Mixed Platforms.ActiveCfg = Release|Any CPU
		{CBEEFE77-4348-455A-BB10-2A265CB07020}.Release|Mixed Platforms.Build.0 = Release|Any CPU
		{CBEEFE77-4348-455A-BB10-2A265CB07020}.Release|Win32.ActiveCfg = Release|Any CPU
		{48F0ACDD-1850-48F2-8F8F-0ED3194ADD9F}.Debug|Any CPU.ActiveCfg = Debug|Any CPU
		{48F0ACDD-1850-48F2-8F8F-0ED3194ADD9F}.Debug|Any CPU.Build.0 = Debug|Any CPU
		{48F0ACDD-1850-48F2-8F8F-0ED3194ADD9F}.Debug|Mixed Platforms.ActiveCfg = Debug|Any CPU
		{48F0ACDD-1850-48F2-8F8F-0ED3194ADD9F}.Debug|Mixed Platforms.Build.0 = Debug|Any CPU
		{48F0ACDD-1850-48F2-8F8F-0ED3194ADD9F}.Debug|Win32.ActiveCfg = Debug|Any CPU
		{48F0ACDD-1850-48F2-8F8F-0ED3194ADD9F}.Release|Any CPU.ActiveCfg = Release|Any CPU
		{48F0ACDD-1850-48F2-8F8F-0ED3194ADD9F}.Release|Any CPU.Build.0 = Release|Any CPU
		{48F0ACDD-1850-48F2-8F8F-0ED3194ADD9F}.Release|Mixed Platforms.ActiveCfg = Release|Any CPU
		{48F0ACDD-1850-48F2-8F8F-0ED3194ADD9F}.Release|Mixed Platforms.Build.0 = Release|Any CPU
		{48F0ACDD-1850-48F2-8F8F-0ED3194ADD9F}.Release|Win32.ActiveCfg = Release|Any CPU
		{93F442B1-CE85-4652-86EC-7574C9AA3E37}.Debug|Any CPU.ActiveCfg = Debug|Any CPU
		{93F442B1-CE85-4652-86EC-7574C9AA3E37}.Debug|Any CPU.Build.0 = Debug|Any CPU
		{93F442B1-CE85-4652-86EC-7574C9AA3E37}.Debug|Mixed Platforms.ActiveCfg = Debug|Any CPU
		{93F442B1-CE85-4652-86EC-7574C9AA3E37}.Debug|Mixed Platforms.Build.0 = Debug|Any CPU
		{93F442B1-CE85-4652-86EC-7574C9AA3E37}.Debug|Win32.ActiveCfg = Debug|Any CPU
		{93F442B1-CE85-4652-86EC-7574C9AA3E37}.Release|Any CPU.ActiveCfg = Release|Any CPU
		{93F442B1-CE85-4652-86EC-7574C9AA3E37}.Release|Any CPU.Build.0 = Release|Any CPU
		{93F442B1-CE85-4652-86EC-7574C9AA3E37}.Release|Mixed Platforms.ActiveCfg = Release|Any CPU
		{93F442B1-CE85-4652-86EC-7574C9AA3E37}.Release|Mixed Platforms.Build.0 = Release|Any CPU
		{93F442B1-CE85-4652-86EC-7574C9AA3E37}.Release|Win32.ActiveCfg = Release|Any CPU
		{1F1B1C9F-821B-4A83-9EC5-48426BD1C198}.Debug|Any CPU.ActiveCfg = Debug|Any CPU
		{1F1B1C9F-821B-4A83-9EC5-48426BD1C198}.Debug|Any CPU.Build.0 = Debug|Any CPU
		{1F1B1C9F-821B-4A83-9EC5-48426BD1C198}.Debug|Mixed Platforms.ActiveCfg = Debug|Any CPU
		{1F1B1C9F-821B-4A83-9EC5-48426BD1C198}.Debug|Mixed Platforms.Build.0 = Debug|Any CPU
		{1F1B1C9F-821B-4A83-9EC5-48426BD1C198}.Debug|Win32.ActiveCfg = Debug|Any CPU
		{1F1B1C9F-821B-4A83-9EC5-48426BD1C198}.Release|Any CPU.ActiveCfg = Release|Any CPU
		{1F1B1C9F-821B-4A83-9EC5-48426BD1C198}.Release|Any CPU.Build.0 = Release|Any CPU
		{1F1B1C9F-821B-4A83-9EC5-48426BD1C198}.Release|Mixed Platforms.ActiveCfg = Release|Any CPU
		{1F1B1C9F-821B-4A83-9EC5-48426BD1C198}.Release|Mixed Platforms.Build.0 = Release|Any CPU
		{1F1B1C9F-821B-4A83-9EC5-48426BD1C198}.Release|Win32.ActiveCfg = Release|Any CPU
		{34EF8523-5D3F-447B-86C5-A7090F1896EC}.Debug|Any CPU.ActiveCfg = Debug|Win32
		{34EF8523-5D3F-447B-86C5-A7090F1896EC}.Debug|Mixed Platforms.ActiveCfg = Debug|Win32
		{34EF8523-5D3F-447B-86C5-A7090F1896EC}.Debug|Mixed Platforms.Build.0 = Debug|Win32
		{34EF8523-5D3F-447B-86C5-A7090F1896EC}.Debug|Win32.ActiveCfg = Debug|Win32
		{34EF8523-5D3F-447B-86C5-A7090F1896EC}.Debug|Win32.Build.0 = Debug|Win32
		{34EF8523-5D3F-447B-86C5-A7090F1896EC}.Release|Any CPU.ActiveCfg = Release|Win32
		{34EF8523-5D3F-447B-86C5-A7090F1896EC}.Release|Mixed Platforms.ActiveCfg = Release|Win32
		{34EF8523-5D3F-447B-86C5-A7090F1896EC}.Release|Mixed Platforms.Build.0 = Release|Win32
		{34EF8523-5D3F-447B-86C5-A7090F1896EC}.Release|Win32.ActiveCfg = Release|Win32
		{34EF8523-5D3F-447B-86C5-A7090F1896EC}.Release|Win32.Build.0 = Release|Win32
	EndGlobalSection
	GlobalSection(SolutionProperties) = preSolution
		HideSolutionNode = FALSE
	EndGlobalSection
EndGlobal
