
Microsoft Visual Studio Solution File, Format Version 10.00
# Visual Studio 2008
Project("{FAE04EC0-301F-11D3-BF4B-00C04F79EFBC}") = "jingxian-mailer", "jingxian-mailer\jingxian-mailer.csproj", "{19F81755-79D2-4C8D-BCD3-85C1B7852833}"
EndProject
Project("{FAE04EC0-301F-11D3-BF4B-00C04F79EFBC}") = "jingxian.commons", "jingxian.commons\jingxian.commons.csproj", "{DB90804F-0224-4476-BAFC-30AD74BD4481}"
EndProject
Project("{FAE04EC0-301F-11D3-BF4B-00C04F79EFBC}") = "jingxian.ui", "jingxian.ui\jingxian.ui.csproj", "{8E467979-8E83-412A-92FE-9D94580C9802}"
EndProject
Project("{FAE04EC0-301F-11D3-BF4B-00C04F79EFBC}") = "jingxian.ui.controls", "jingxian.ui.controls\jingxian.ui.controls.csproj", "{1105BCC1-AF83-42EB-9C8F-680E51CBCD85}"
EndProject
Project("{FAE04EC0-301F-11D3-BF4B-00C04F79EFBC}") = "POPClient", "POP.Console\POPClient.csproj", "{60C1E28C-0B4E-4FF1-B46F-7301228EA9D5}"
EndProject
Project("{FAE04EC0-301F-11D3-BF4B-00C04F79EFBC}") = "SMTPClient", "SMTPClient\SMTPClient.csproj", "{75D6A13C-67BC-41C6-B23D-548A80773EE2}"
EndProject
Project("{FAE04EC0-301F-11D3-BF4B-00C04F79EFBC}") = "PopConsoleTest", "PopConsoleTest\PopConsoleTest.csproj", "{606DBDAD-A60E-4A7A-A480-B7072CDFCA55}"
EndProject
Global
	GlobalSection(SolutionConfigurationPlatforms) = preSolution
		Debug|Any CPU = Debug|Any CPU
		Release|Any CPU = Release|Any CPU
	EndGlobalSection
	GlobalSection(ProjectConfigurationPlatforms) = postSolution
		{19F81755-79D2-4C8D-BCD3-85C1B7852833}.Debug|Any CPU.ActiveCfg = Debug|Any CPU
		{19F81755-79D2-4C8D-BCD3-85C1B7852833}.Debug|Any CPU.Build.0 = Debug|Any CPU
		{19F81755-79D2-4C8D-BCD3-85C1B7852833}.Release|Any CPU.ActiveCfg = Release|Any CPU
		{19F81755-79D2-4C8D-BCD3-85C1B7852833}.Release|Any CPU.Build.0 = Release|Any CPU
		{DB90804F-0224-4476-BAFC-30AD74BD4481}.Debug|Any CPU.ActiveCfg = Debug|Any CPU
		{DB90804F-0224-4476-BAFC-30AD74BD4481}.Debug|Any CPU.Build.0 = Debug|Any CPU
		{DB90804F-0224-4476-BAFC-30AD74BD4481}.Release|Any CPU.ActiveCfg = Release|Any CPU
		{DB90804F-0224-4476-BAFC-30AD74BD4481}.Release|Any CPU.Build.0 = Release|Any CPU
		{8E467979-8E83-412A-92FE-9D94580C9802}.Debug|Any CPU.ActiveCfg = Debug|Any CPU
		{8E467979-8E83-412A-92FE-9D94580C9802}.Debug|Any CPU.Build.0 = Debug|Any CPU
		{8E467979-8E83-412A-92FE-9D94580C9802}.Release|Any CPU.ActiveCfg = Release|Any CPU
		{8E467979-8E83-412A-92FE-9D94580C9802}.Release|Any CPU.Build.0 = Release|Any CPU
		{1105BCC1-AF83-42EB-9C8F-680E51CBCD85}.Debug|Any CPU.ActiveCfg = Debug|Any CPU
		{1105BCC1-AF83-42EB-9C8F-680E51CBCD85}.Debug|Any CPU.Build.0 = Debug|Any CPU
		{1105BCC1-AF83-42EB-9C8F-680E51CBCD85}.Release|Any CPU.ActiveCfg = Release|Any CPU
		{1105BCC1-AF83-42EB-9C8F-680E51CBCD85}.Release|Any CPU.Build.0 = Release|Any CPU
		{60C1E28C-0B4E-4FF1-B46F-7301228EA9D5}.Debug|Any CPU.ActiveCfg = Debug|Any CPU
		{60C1E28C-0B4E-4FF1-B46F-7301228EA9D5}.Debug|Any CPU.Build.0 = Debug|Any CPU
		{60C1E28C-0B4E-4FF1-B46F-7301228EA9D5}.Release|Any CPU.ActiveCfg = Release|Any CPU
		{60C1E28C-0B4E-4FF1-B46F-7301228EA9D5}.Release|Any CPU.Build.0 = Release|Any CPU
		{75D6A13C-67BC-41C6-B23D-548A80773EE2}.Debug|Any CPU.ActiveCfg = Debug|Any CPU
		{75D6A13C-67BC-41C6-B23D-548A80773EE2}.Debug|Any CPU.Build.0 = Debug|Any CPU
		{75D6A13C-67BC-41C6-B23D-548A80773EE2}.Release|Any CPU.ActiveCfg = Release|Any CPU
		{75D6A13C-67BC-41C6-B23D-548A80773EE2}.Release|Any CPU.Build.0 = Release|Any CPU
		{606DBDAD-A60E-4A7A-A480-B7072CDFCA55}.Debug|Any CPU.ActiveCfg = Debug|Any CPU
		{606DBDAD-A60E-4A7A-A480-B7072CDFCA55}.Debug|Any CPU.Build.0 = Debug|Any CPU
		{606DBDAD-A60E-4A7A-A480-B7072CDFCA55}.Release|Any CPU.ActiveCfg = Release|Any CPU
		{606DBDAD-A60E-4A7A-A480-B7072CDFCA55}.Release|Any CPU.Build.0 = Release|Any CPU
	EndGlobalSection
	GlobalSection(SolutionProperties) = preSolution
		HideSolutionNode = FALSE
	EndGlobalSection
EndGlobal
